
Microsoft Visual Studio Solution File, Format Version 12.00
# Visual Studio Version 17
VisualStudioVersion = 17.12.35527.113 d17.12
MinimumVisualStudioVersion = 10.0.40219.1
Project("{8BC9CEB8-8B4A-11D0-8D11-00A0C91BC942}") = "Sandbox", "Sandbox\Sandbox.vcxproj", "{1FFDF8D3-B05A-4C0D-8358-19BA2A89A010}"
EndProject
Project("{8BC9CEB8-8B4A-11D0-8D11-00A0C91BC942}") = "EulerEngine", "EulerEngine\EulerEngine.vcxproj", "{7359F121-28EB-4958-9939-99EEB11BACF7}"
EndProject
Global
	GlobalSection(SolutionConfigurationPlatforms) = preSolution
		Debug|x64 = Debug|x64
		Release|x64 = Release|x64
	EndGlobalSection
	GlobalSection(ProjectConfigurationPlatforms) = postSolution
		{7359F121-28EB-4958-9939-99EEB11BACF7}.Debug|x64.ActiveCfg = Debug|x64
		{7359F121-28EB-4958-9939-99EEB11BACF7}.Debug|x64.Build.0 = Debug|x64
		{7359F121-28EB-4958-9939-99EEB11BACF7}.Release|x64.ActiveCfg = Release|x64
		{7359F121-28EB-4958-9939-99EEB11BACF7}.Release|x64.Build.0 = Release|x64
		{1FFDF8D3-B05A-4C0D-8358-19BA2A89A010}.Debug|x64.ActiveCfg = Debug|x64
		{1FFDF8D3-B05A-4C0D-8358-19BA2A89A010}.Debug|x64.Build.0 = Debug|x64
		{1FFDF8D3-B05A-4C0D-8358-19BA2A89A010}.Release|x64.ActiveCfg = Release|x64
		{1FFDF8D3-B05A-4C0D-8358-19BA2A89A010}.Release|x64.Build.0 = Release|x64
	EndGlobalSection
	GlobalSection(SolutionProperties) = preSolution
		HideSolutionNode = FALSE
	EndGlobalSection
	GlobalSection(ExtensibilityGlobals) = postSolution
		SolutionGuid = {DDEB4CDA-C6B7-48B6-B68D-31F91A264517}
	EndGlobalSection
EndGlobal
