<?xml version="1.0" encoding="utf-8"?>
<Project ToolsVersion="4.0" xmlns="http://schemas.microsoft.com/developer/msbuild/2003">
  <ItemGroup>
    <Filter Include="Src">
      <UniqueIdentifier>{0D23880B-792C-887C-02A8-9E7C6EB0937C}</UniqueIdentifier>
    </Filter>
    <Filter Include="Src\Container">
      <UniqueIdentifier>{1FDF455C-8B9F-C192-54DA-0A10C059066F}</UniqueIdentifier>
    </Filter>
    <Filter Include="Src\Container\ResourcePool">
      <UniqueIdentifier>{5014D3E3-3C24-7FB4-A5DD-E3D2910C6E4D}</UniqueIdentifier>
    </Filter>
    <Filter Include="Src\Core">
      <UniqueIdentifier>{8537E246-7104-3D52-9A1D-2BFA864972E0}</UniqueIdentifier>
    </Filter>
    <Filter Include="Src\Core\Events">
      <UniqueIdentifier>{C99B0723-3527-75E7-3E38-F8DBAA42D1E7}</UniqueIdentifier>
    </Filter>
    <Filter Include="Src\Core\Log">
      <UniqueIdentifier>{D689A7D4-C2EC-3679-6B72-6F2F57B402FC}</UniqueIdentifier>
    </Filter>
    <Filter Include="Src\Core\Reflection">
      <UniqueIdentifier>{1F1148F8-8B72-2506-14E0-6BB880405CC5}</UniqueIdentifier>
    </Filter>
    <Filter Include="Src\Game">
      <UniqueIdentifier>{D62CE446-C2F9-3E52-EB12-2DFAD73E74E0}</UniqueIdentifier>
    </Filter>
    <Filter Include="Src\Game\Component">
      <UniqueIdentifier>{B8887C1D-A46C-3D73-0DCD-37C6F9CF27F5}</UniqueIdentifier>
    </Filter>
    <Filter Include="Src\Game\Context">
      <UniqueIdentifier>{6A1DDF3E-5616-FE90-7F48-E3156BA0DD9C}</UniqueIdentifier>
    </Filter>
    <Filter Include="Src\Game\Input">
      <UniqueIdentifier>{55A58DB0-4173-81B6-2A07-F2DC16745D1B}</UniqueIdentifier>
    </Filter>
    <Filter Include="Src\Game\Window">
      <UniqueIdentifier>{FDAC8EE2-6938-FCA6-7249-7F9BDE5358A7}</UniqueIdentifier>
    </Filter>
    <Filter Include="Src\Game\World">
      <UniqueIdentifier>{0D908BB1-F95D-7FB7-E2F1-EFDDCE5E5B1C}</UniqueIdentifier>
    </Filter>
    <Filter Include="Src\Game\World\ResInfo">
      <UniqueIdentifier>{D2CA8EF2-BEC4-B744-A731-4E5593CA1DB1}</UniqueIdentifier>
    </Filter>
    <Filter Include="Src\GutKink">
      <UniqueIdentifier>{996813D4-051E-8CC9-8E12-86A0FAC682CD}</UniqueIdentifier>
    </Filter>
    <Filter Include="Src\IO">
      <UniqueIdentifier>{9435C1D1-80D7-EBA7-6992-FFFB55D372F8}</UniqueIdentifier>
    </Filter>
    <Filter Include="Src\Math">
      <UniqueIdentifier>{0678E746-F244-4252-1B5E-30FA078A77E0}</UniqueIdentifier>
    </Filter>
    <Filter Include="Src\Physics">
      <UniqueIdentifier>{7FE3FC6A-EB98-7560-748D-6F37E0416C64}</UniqueIdentifier>
    </Filter>
    <Filter Include="Src\Platform">
      <UniqueIdentifier>{011E97C6-ED80-266B-9606-5F218248F2ED}</UniqueIdentifier>
    </Filter>
    <Filter Include="Src\Render">
      <UniqueIdentifier>{DC7094AA-C828-D6F7-3130-AF531D0771E8}</UniqueIdentifier>
    </Filter>
    <Filter Include="Src\Render\GLObjects">
      <UniqueIdentifier>{68EC14FC-547B-9EC5-FD99-B2C0E907AF6B}</UniqueIdentifier>
    </Filter>
    <Filter Include="Src\Render\OpenGL">
      <UniqueIdentifier>{900A2634-FC20-24CA-4598-AFEBB1EDF451}</UniqueIdentifier>
    </Filter>
    <Filter Include="Src\Render\System">
      <UniqueIdentifier>{7054253E-DC6A-23D4-25E2-AEF59137F45B}</UniqueIdentifier>
    </Filter>
    <Filter Include="Src\Resource">
      <UniqueIdentifier>{C4C3EDAD-B026-7D52-59AC-B50845EE48D5}</UniqueIdentifier>
    </Filter>
    <Filter Include="Src\Test">
      <UniqueIdentifier>{9C5FEB46-882C-4652-B145-34FA9D717BE0}</UniqueIdentifier>
    </Filter>
    <Filter Include="Src\Test\ModelTest">
      <UniqueIdentifier>{9C688111-884C-4267-F1AC-3CBADDAF2CE9}</UniqueIdentifier>
    </Filter>
    <Filter Include="Src\Thread">
      <UniqueIdentifier>{D44077AF-C0F8-B8FC-2900-925815D753ED}</UniqueIdentifier>
    </Filter>
    <Filter Include="Src\UI">
      <UniqueIdentifier>{1A37C1D1-06D9-EBA7-EF93-FFFBDBD472F8}</UniqueIdentifier>
    </Filter>
    <Filter Include="Src\Utils">
      <UniqueIdentifier>{2D7A7124-99E4-259B-E222-D7404ECC03F0}</UniqueIdentifier>
    </Filter>
    <Filter Include="Vendor">
      <UniqueIdentifier>{935FDCD7-7F01-07AE-68BC-1A0254FD8DFE}</UniqueIdentifier>
    </Filter>
    <Filter Include="Vendor\glad">
      <UniqueIdentifier>{7AE6E215-E69B-5B0B-6F90-55E2DB44520F}</UniqueIdentifier>
    </Filter>
  </ItemGroup>
  <ItemGroup>
    <ClInclude Include="Src\Container\ResourcePool\MeshPool.h">
      <Filter>Src\Container\ResourcePool</Filter>
    </ClInclude>
    <ClInclude Include="Src\Container\ResourcePool\ShaderPool.h">
      <Filter>Src\Container\ResourcePool</Filter>
    </ClInclude>
    <ClInclude Include="Src\Container\ResourcePool\TexturePool.h">
      <Filter>Src\Container\ResourcePool</Filter>
    </ClInclude>
    <ClInclude Include="Src\Core\EulerDelegate.h">
      <Filter>Src\Core</Filter>
    </ClInclude>
    <ClInclude Include="Src\Core\EulerImage.h">
      <Filter>Src\Core</Filter>
    </ClInclude>
    <ClInclude Include="Src\Core\EulerMemManager.h">
      <Filter>Src\Core</Filter>
    </ClInclude>
    <ClInclude Include="Src\Core\EulerMemOperator.h">
      <Filter>Src\Core</Filter>
    </ClInclude>
    <ClInclude Include="Src\Core\EulerSingleton.h">
      <Filter>Src\Core</Filter>
    </ClInclude>
    <ClInclude Include="Src\Core\EulerSystem.h">
      <Filter>Src\Core</Filter>
    </ClInclude>
    <ClInclude Include="Src\Core\EulerTimer.h">
      <Filter>Src\Core</Filter>
    </ClInclude>
    <ClInclude Include="Src\Core\Events\ApplicationEvent.h">
      <Filter>Src\Core\Events</Filter>
    </ClInclude>
    <ClInclude Include="Src\Core\Events\Event.h">
      <Filter>Src\Core\Events</Filter>
    </ClInclude>
    <ClInclude Include="Src\Core\Events\InputEvent.h">
      <Filter>Src\Core\Events</Filter>
    </ClInclude>
    <ClInclude Include="Src\Core\Log\EulerLog.h">
      <Filter>Src\Core\Log</Filter>
    </ClInclude>
    <ClInclude Include="Src\Core\Reflection\ClassField.h">
      <Filter>Src\Core\Reflection</Filter>
    </ClInclude>
    <ClInclude Include="Src\Core\Reflection\ClassMethod.h">
      <Filter>Src\Core\Reflection</Filter>
    </ClInclude>
    <ClInclude Include="Src\Core\Reflection\ClassRegister.h">
      <Filter>Src\Core\Reflection</Filter>
    </ClInclude>
    <ClInclude Include="Src\Core\Reflection\EulerClassFactory.h">
      <Filter>Src\Core\Reflection</Filter>
    </ClInclude>
    <ClInclude Include="Src\Core\Reflection\EulerSerialize.h">
      <Filter>Src\Core\Reflection</Filter>
    </ClInclude>
    <ClInclude Include="Src\Game\Component\AIComponent.h">
      <Filter>Src\Game\Component</Filter>
    </ClInclude>
    <ClInclude Include="Src\Game\Component\ComponentBase.h">
      <Filter>Src\Game\Component</Filter>
    </ClInclude>
    <ClInclude Include="Src\Game\Component\ModelComponent.h">
      <Filter>Src\Game\Component</Filter>
    </ClInclude>
    <ClInclude Include="Src\Game\Component\TransformComponent.h">
      <Filter>Src\Game\Component</Filter>
    </ClInclude>
    <ClInclude Include="Src\Game\Context\EulerContext.h">
      <Filter>Src\Game\Context</Filter>
    </ClInclude>
    <ClInclude Include="Src\Game\EulerGame.h">
      <Filter>Src\Game</Filter>
    </ClInclude>
    <ClInclude Include="Src\Game\EulerObject.h">
      <Filter>Src\Game</Filter>
    </ClInclude>
    <ClInclude Include="Src\Game\Input\EulerInput.h">
      <Filter>Src\Game\Input</Filter>
    </ClInclude>
    <ClInclude Include="Src\Game\Window\EulerWindow.h">
      <Filter>Src\Game\Window</Filter>
    </ClInclude>
    <ClInclude Include="Src\Game\World\EulerHierarchy.h">
      <Filter>Src\Game\World</Filter>
    </ClInclude>
    <ClInclude Include="Src\Game\World\EulerWorld.h">
      <Filter>Src\Game\World</Filter>
    </ClInclude>
    <ClInclude Include="Src\Game\World\ResInfo\HierarchyInfo.h">
      <Filter>Src\Game\World\ResInfo</Filter>
    </ClInclude>
    <ClInclude Include="Src\Game\World\ResInfo\ObjectInfo.h">
      <Filter>Src\Game\World\ResInfo</Filter>
    </ClInclude>
    <ClInclude Include="Src\Game\World\ResInfo\WorldInfo.h">
      <Filter>Src\Game\World\ResInfo</Filter>
    </ClInclude>
    <ClInclude Include="Src\GutKink.h">
      <Filter>Src</Filter>
    </ClInclude>
    <ClInclude Include="Src\GutKink\Application.h">
      <Filter>Src\GutKink</Filter>
    </ClInclude>
    <ClInclude Include="Src\GutKink\Core.h">
      <Filter>Src\GutKink</Filter>
    </ClInclude>
    <ClInclude Include="Src\GutKink\EntryPoint.h">
      <Filter>Src\GutKink</Filter>
    </ClInclude>
    <ClInclude Include="Src\IO\EulerFile.h">
      <Filter>Src\IO</Filter>
    </ClInclude>
    <ClInclude Include="Src\Math\EulerMath.h">
      <Filter>Src\Math</Filter>
    </ClInclude>
    <ClInclude Include="Src\Physics\EulerPhysics.h">
      <Filter>Src\Physics</Filter>
    </ClInclude>
    <ClInclude Include="Src\Physics\kinematics.h">
      <Filter>Src\Physics</Filter>
    </ClInclude>
    <ClInclude Include="Src\Platform\FileSystem.h">
      <Filter>Src\Platform</Filter>
    </ClInclude>
    <ClInclude Include="Src\Render\GLObjects\GLCube.h">
      <Filter>Src\Render\GLObjects</Filter>
    </ClInclude>
    <ClInclude Include="Src\Render\GLObjects\GLLight.h">
      <Filter>Src\Render\GLObjects</Filter>
    </ClInclude>
    <ClInclude Include="Src\Render\GLObjects\GLRenderObject.h">
      <Filter>Src\Render\GLObjects</Filter>
    </ClInclude>
    <ClInclude Include="Src\Render\GLObjects\GLSquare.h">
      <Filter>Src\Render\GLObjects</Filter>
    </ClInclude>
    <ClInclude Include="Src\Render\OpenGL\GLCamera.h">
      <Filter>Src\Render\OpenGL</Filter>
    </ClInclude>
    <ClInclude Include="Src\Render\OpenGL\GLControl.h">
      <Filter>Src\Render\OpenGL</Filter>
    </ClInclude>
    <ClInclude Include="Src\Render\OpenGL\GLMaterial.h">
      <Filter>Src\Render\OpenGL</Filter>
    </ClInclude>
    <ClInclude Include="Src\Render\OpenGL\GLMesh.h">
      <Filter>Src\Render\OpenGL</Filter>
    </ClInclude>
    <ClInclude Include="Src\Render\OpenGL\GLModel.h">
      <Filter>Src\Render\OpenGL</Filter>
    </ClInclude>
    <ClInclude Include="Src\Render\OpenGL\GLMyError.h">
      <Filter>Src\Render\OpenGL</Filter>
    </ClInclude>
    <ClInclude Include="Src\Render\OpenGL\GLPipelineBase.h">
      <Filter>Src\Render\OpenGL</Filter>
    </ClInclude>
    <ClInclude Include="Src\Render\OpenGL\GLRenderPassBase.h">
      <Filter>Src\Render\OpenGL</Filter>
    </ClInclude>
    <ClInclude Include="Src\Render\OpenGL\GLScene.h">
      <Filter>Src\Render\OpenGL</Filter>
    </ClInclude>
    <ClInclude Include="Src\Render\OpenGL\GLShader.h">
      <Filter>Src\Render\OpenGL</Filter>
    </ClInclude>
    <ClInclude Include="Src\Render\OpenGL\GLText.h">
      <Filter>Src\Render\OpenGL</Filter>
    </ClInclude>
    <ClInclude Include="Src\Render\OpenGL\GLTexture.h">
      <Filter>Src\Render\OpenGL</Filter>
    </ClInclude>
    <ClInclude Include="Src\Render\OpenGL\GLTransform.h">
      <Filter>Src\Render\OpenGL</Filter>
    </ClInclude>
    <ClInclude Include="Src\Render\System\EulerRender.h">
      <Filter>Src\Render\System</Filter>
    </ClInclude>
    <ClInclude Include="Src\Resource\SourceManager.h">
      <Filter>Src\Resource</Filter>
    </ClInclude>
    <ClInclude Include="Src\Test\ModelTest\Test_Delegate.h">
      <Filter>Src\Test\ModelTest</Filter>
    </ClInclude>
    <ClInclude Include="Src\Test\ModelTest\Test_Reflect.h">
      <Filter>Src\Test\ModelTest</Filter>
    </ClInclude>
    <ClInclude Include="Src\Test\TestFunc.h">
      <Filter>Src\Test</Filter>
    </ClInclude>
    <ClInclude Include="Src\Thread\EulerSynchronize.h">
      <Filter>Src\Thread</Filter>
    </ClInclude>
    <ClInclude Include="Src\Thread\EulerThread.h">
      <Filter>Src\Thread</Filter>
    </ClInclude>
    <ClInclude Include="Src\UI\EulerUI.h">
      <Filter>Src\UI</Filter>
    </ClInclude>
    <ClInclude Include="Src\Utils\stb_image.h">
      <Filter>Src\Utils</Filter>
    </ClInclude>
    <ClInclude Include="Src\gkpch.h">
      <Filter>Src</Filter>
    </ClInclude>
  </ItemGroup>
  <ItemGroup>
    <ClCompile Include="Src\Core\EulerImage.cpp">
      <Filter>Src\Core</Filter>
    </ClCompile>
    <ClCompile Include="Src\Core\EulerMemManager.cpp">
      <Filter>Src\Core</Filter>
    </ClCompile>
    <ClCompile Include="Src\Core\EulerSystem.cpp">
      <Filter>Src\Core</Filter>
    </ClCompile>
    <ClCompile Include="Src\Core\EulerTimer.cpp">
      <Filter>Src\Core</Filter>
    </ClCompile>
    <ClCompile Include="Src\Core\Log\EulerLog.cpp">
      <Filter>Src\Core\Log</Filter>
    </ClCompile>
    <ClCompile Include="Src\Core\Reflection\EulerClassFactory.cpp">
      <Filter>Src\Core\Reflection</Filter>
    </ClCompile>
    <ClCompile Include="Src\Core\Reflection\EulerSerialize.cpp">
      <Filter>Src\Core\Reflection</Filter>
    </ClCompile>
    <ClCompile Include="Src\Game\Context\EulerContext.cpp">
      <Filter>Src\Game\Context</Filter>
    </ClCompile>
    <ClCompile Include="Src\Game\EulerGame.cpp">
      <Filter>Src\Game</Filter>
    </ClCompile>
    <ClCompile Include="Src\Game\EulerObject.cpp">
      <Filter>Src\Game</Filter>
    </ClCompile>
    <ClCompile Include="Src\Game\Input\EulerInput.cpp">
      <Filter>Src\Game\Input</Filter>
    </ClCompile>
    <ClCompile Include="Src\Game\Window\EulerWindow.cpp">
      <Filter>Src\Game\Window</Filter>
    </ClCompile>
    <ClCompile Include="Src\Game\World\EulerHierarchy.cpp">
      <Filter>Src\Game\World</Filter>
    </ClCompile>
    <ClCompile Include="Src\Game\World\EulerWorld.cpp">
      <Filter>Src\Game\World</Filter>
    </ClCompile>
    <ClCompile Include="Src\GutKink\Application.cpp">
      <Filter>Src\GutKink</Filter>
    </ClCompile>
    <ClCompile Include="Src\IO\EulerFile.cpp">
      <Filter>Src\IO</Filter>
    </ClCompile>
    <ClCompile Include="Src\Platform\FileSystem.cpp">
      <Filter>Src\Platform</Filter>
    </ClCompile>
    <ClCompile Include="Src\Render\GLObjects\GLLight.cpp">
      <Filter>Src\Render\GLObjects</Filter>
    </ClCompile>
    <ClCompile Include="Src\Render\GLObjects\GLRenderObject.cpp">
      <Filter>Src\Render\GLObjects</Filter>
    </ClCompile>
    <ClCompile Include="Src\Render\OpenGL\GLMaterial.cpp">
      <Filter>Src\Render\OpenGL</Filter>
    </ClCompile>
    <ClCompile Include="Src\Render\System\EulerRender.cpp">
      <Filter>Src\Render\System</Filter>
    </ClCompile>
    <ClCompile Include="Src\Test\TestFunc.cpp">
      <Filter>Src\Test</Filter>
    </ClCompile>
    <ClCompile Include="Src\Thread\EulerSynchronize.cpp">
      <Filter>Src\Thread</Filter>
    </ClCompile>
    <ClCompile Include="Src\Thread\EulerThread.cpp">
      <Filter>Src\Thread</Filter>
    </ClCompile>
    <ClCompile Include="Src\UI\EulerUI.cpp">
      <Filter>Src\UI</Filter>
    </ClCompile>
    <ClCompile Include="Src\Utils\stb_image.cpp">
      <Filter>Src\Utils</Filter>
    </ClCompile>
    <ClCompile Include="Src\gkpch.cpp">
      <Filter>Src</Filter>
    </ClCompile>
    <ClCompile Include="Vendor\glad\glad.c">
      <Filter>Vendor\glad</Filter>
    </ClCompile>
  </ItemGroup>
</Project>