<?xml version="1.0" encoding="utf-8"?>
<Project ToolsVersion="4.0" xmlns="http://schemas.microsoft.com/developer/msbuild/2003">
  <ItemGroup>
    <Filter Include="Container">
      <UniqueIdentifier>{68AD6C08-D417-217F-1D56-D22489FFFED3}</UniqueIdentifier>
    </Filter>
    <Filter Include="Container\ResourcePool">
      <UniqueIdentifier>{39116931-250B-9283-0E78-2894FA10F8EF}</UniqueIdentifier>
    </Filter>
    <Filter Include="Core">
      <UniqueIdentifier>{2EB4837C-1AEB-840D-C3D7-6A10AFED000F}</UniqueIdentifier>
    </Filter>
    <Filter Include="Core\Events">
      <UniqueIdentifier>{52201B74-BED5-9369-47CA-8D40B37E8A6D}</UniqueIdentifier>
    </Filter>
    <Filter Include="Core\Input">
      <UniqueIdentifier>{AD4E7BCD-9906-BD1A-020E-9676EEE4570B}</UniqueIdentifier>
    </Filter>
    <Filter Include="Core\Layer">
      <UniqueIdentifier>{7A9BAACD-6653-EC1A-CF5A-C576BB31870B}</UniqueIdentifier>
    </Filter>
    <Filter Include="Core\Log">
      <UniqueIdentifier>{FF3299C2-EBFF-F3CD-1419-E2750045295C}</UniqueIdentifier>
    </Filter>
    <Filter Include="Core\Reflection">
      <UniqueIdentifier>{28B22CF9-943D-9ABD-9D4E-1DB20959F6BD}</UniqueIdentifier>
    </Filter>
    <Filter Include="Game">
      <UniqueIdentifier>{7FA9857C-6BE0-860D-14CD-6C1000E3020F}</UniqueIdentifier>
    </Filter>
    <Filter Include="Game\Component">
      <UniqueIdentifier>{A1AC5C82-8D7A-5088-760E-C1AE627B2CED}</UniqueIdentifier>
    </Filter>
    <Filter Include="Game\Context">
      <UniqueIdentifier>{133363B2-FF95-F256-A81B-2B0D945DBED9}</UniqueIdentifier>
    </Filter>
    <Filter Include="Game\World">
      <UniqueIdentifier>{76278CE2-62DF-CD2F-CBE6-A68BB7BD6820}</UniqueIdentifier>
    </Filter>
    <Filter Include="Game\World\ResInfo">
      <UniqueIdentifier>{3BBB4051-279F-01A7-90FF-FBF97C02EC28}</UniqueIdentifier>
    </Filter>
    <Filter Include="GutKink">
      <UniqueIdentifier>{A2107076-0EF0-EE11-1708-7AE883665573}</UniqueIdentifier>
    </Filter>
    <Filter Include="IO">
      <UniqueIdentifier>{FD735900-E9FF-870B-52AE-880B3E59880B}</UniqueIdentifier>
    </Filter>
    <Filter Include="ImGui">
      <UniqueIdentifier>{C0FF640D-2C14-8DBE-F595-301E616989EF}</UniqueIdentifier>
    </Filter>
    <Filter Include="Math">
      <UniqueIdentifier>{AFF4887C-9B2B-8A0D-4418-7010302E060F}</UniqueIdentifier>
    </Filter>
    <Filter Include="Physics">
      <UniqueIdentifier>{888B590D-F46A-D8A8-FD82-637F69E13E0A}</UniqueIdentifier>
    </Filter>
    <Filter Include="Platform">
      <UniqueIdentifier>{2AC788B4-1694-E3BF-3FAD-D1672BD9184E}</UniqueIdentifier>
    </Filter>
    <Filter Include="Platform\Windows">
      <UniqueIdentifier>{64FBD71A-50F4-F66C-7926-DCF1657ED678}</UniqueIdentifier>
    </Filter>
    <Filter Include="Render">
      <UniqueIdentifier>{C5BB87CE-B15D-B2A4-9A18-C6F8865939F5}</UniqueIdentifier>
    </Filter>
    <Filter Include="Render\GLObjects">
      <UniqueIdentifier>{91AE8D19-7DA7-AC6B-A6D9-91F092318C77}</UniqueIdentifier>
    </Filter>
    <Filter Include="Render\OpenGL">
      <UniqueIdentifier>{59D52C18-C595-A84E-8ED0-F1CBFA4FED2A}</UniqueIdentifier>
    </Filter>
    <Filter Include="Render\System">
      <UniqueIdentifier>{391F2C22-A5DF-A758-6E1A-F1D5DA99EC34}</UniqueIdentifier>
    </Filter>
    <Filter Include="Resource">
      <UniqueIdentifier>{ED6CDF9B-D939-3AA7-0253-284FEE7E6F35}</UniqueIdentifier>
    </Filter>
    <Filter Include="Test">
      <UniqueIdentifier>{45DC8C7C-3113-8E0D-DAFF-7310C6150A0F}</UniqueIdentifier>
    </Filter>
    <Filter Include="Test\ModelTest">
      <UniqueIdentifier>{858C6176-715A-557C-5AEE-C5A2465B31E1}</UniqueIdentifier>
    </Filter>
    <Filter Include="Thread">
      <UniqueIdentifier>{BD8B6AD3-A92D-95A9-92E8-A8FD7E291CFA}</UniqueIdentifier>
    </Filter>
    <Filter Include="UI">
      <UniqueIdentifier>{83755900-6F01-880B-D8AF-880BC45A880B}</UniqueIdentifier>
    </Filter>
    <Filter Include="Utils">
      <UniqueIdentifier>{F68B420E-62A0-6ABF-2B22-0E1F97F566F0}</UniqueIdentifier>
    </Filter>
  </ItemGroup>
  <ItemGroup>
    <ClInclude Include="Src\Container\ResourcePool\MeshPool.h">
      <Filter>Container\ResourcePool</Filter>
    </ClInclude>
    <ClInclude Include="Src\Container\ResourcePool\ShaderPool.h">
      <Filter>Container\ResourcePool</Filter>
    </ClInclude>
    <ClInclude Include="Src\Container\ResourcePool\TexturePool.h">
      <Filter>Container\ResourcePool</Filter>
    </ClInclude>
    <ClInclude Include="Src\Core\EulerDelegate.h">
      <Filter>Core</Filter>
    </ClInclude>
    <ClInclude Include="Src\Core\EulerImage.h">
      <Filter>Core</Filter>
    </ClInclude>
    <ClInclude Include="Src\Core\EulerMemManager.h">
      <Filter>Core</Filter>
    </ClInclude>
    <ClInclude Include="Src\Core\EulerMemOperator.h">
      <Filter>Core</Filter>
    </ClInclude>
    <ClInclude Include="Src\Core\EulerSingleton.h">
      <Filter>Core</Filter>
    </ClInclude>
    <ClInclude Include="Src\Core\EulerSystem.h">
      <Filter>Core</Filter>
    </ClInclude>
    <ClInclude Include="Src\Core\EulerTimer.h">
      <Filter>Core</Filter>
    </ClInclude>
    <ClInclude Include="Src\Core\EulerWindow.h">
      <Filter>Core</Filter>
    </ClInclude>
    <ClInclude Include="Src\Core\Events\ApplicationEvent.h">
      <Filter>Core\Events</Filter>
    </ClInclude>
    <ClInclude Include="Src\Core\Events\Event.h">
      <Filter>Core\Events</Filter>
    </ClInclude>
    <ClInclude Include="Src\Core\Events\InputEvent.h">
      <Filter>Core\Events</Filter>
    </ClInclude>
    <ClInclude Include="Src\Core\Input\EulerInput.h">
      <Filter>Core\Input</Filter>
    </ClInclude>
    <ClInclude Include="Src\Core\Input\InputCodes.h">
      <Filter>Core\Input</Filter>
    </ClInclude>
    <ClInclude Include="Src\Core\Layer\EulerLayer.h">
      <Filter>Core\Layer</Filter>
    </ClInclude>
    <ClInclude Include="Src\Core\Layer\EulerLayerStack.h">
      <Filter>Core\Layer</Filter>
    </ClInclude>
    <ClInclude Include="Src\Core\Log\EulerLog.h">
      <Filter>Core\Log</Filter>
    </ClInclude>
    <ClInclude Include="Src\Core\Reflection\ClassField.h">
      <Filter>Core\Reflection</Filter>
    </ClInclude>
    <ClInclude Include="Src\Core\Reflection\ClassMethod.h">
      <Filter>Core\Reflection</Filter>
    </ClInclude>
    <ClInclude Include="Src\Core\Reflection\ClassRegister.h">
      <Filter>Core\Reflection</Filter>
    </ClInclude>
    <ClInclude Include="Src\Core\Reflection\EulerClassFactory.h">
      <Filter>Core\Reflection</Filter>
    </ClInclude>
    <ClInclude Include="Src\Core\Reflection\EulerSerialize.h">
      <Filter>Core\Reflection</Filter>
    </ClInclude>
    <ClInclude Include="Src\Game\Component\AIComponent.h">
      <Filter>Game\Component</Filter>
    </ClInclude>
    <ClInclude Include="Src\Game\Component\ComponentBase.h">
      <Filter>Game\Component</Filter>
    </ClInclude>
    <ClInclude Include="Src\Game\Component\ModelComponent.h">
      <Filter>Game\Component</Filter>
    </ClInclude>
    <ClInclude Include="Src\Game\Component\TransformComponent.h">
      <Filter>Game\Component</Filter>
    </ClInclude>
    <ClInclude Include="Src\Render\Context\EulerContext.h">
      <Filter>Game\Context</Filter>
    </ClInclude>
    <ClInclude Include="Src\Game\EulerGame.h">
      <Filter>Game</Filter>
    </ClInclude>
    <ClInclude Include="Src\Game\EulerObject.h">
      <Filter>Game</Filter>
    </ClInclude>
    <ClInclude Include="Src\Game\World\EulerHierarchy.h">
      <Filter>Game\World</Filter>
    </ClInclude>
    <ClInclude Include="Src\Game\World\EulerWorld.h">
      <Filter>Game\World</Filter>
    </ClInclude>
    <ClInclude Include="Src\Game\World\ResInfo\HierarchyInfo.h">
      <Filter>Game\World\ResInfo</Filter>
    </ClInclude>
    <ClInclude Include="Src\Game\World\ResInfo\ObjectInfo.h">
      <Filter>Game\World\ResInfo</Filter>
    </ClInclude>
    <ClInclude Include="Src\Game\World\ResInfo\WorldInfo.h">
      <Filter>Game\World\ResInfo</Filter>
    </ClInclude>
    <ClInclude Include="Src\GutKink.h" />
    <ClInclude Include="Src\GutKink\Application.h">
      <Filter>GutKink</Filter>
    </ClInclude>
    <ClInclude Include="Src\GutKink\Core.h">
      <Filter>GutKink</Filter>
    </ClInclude>
    <ClInclude Include="Src\GutKink\EntryPoint.h">
      <Filter>GutKink</Filter>
    </ClInclude>
    <ClInclude Include="Src\IO\EulerFile.h">
      <Filter>IO</Filter>
    </ClInclude>
    <ClInclude Include="Src\ImGui\ImGuiLayer.h">
      <Filter>ImGui</Filter>
    </ClInclude>
    <ClInclude Include="Src\Math\EulerMath.h">
      <Filter>Math</Filter>
    </ClInclude>
    <ClInclude Include="Src\Physics\EulerPhysics.h">
      <Filter>Physics</Filter>
    </ClInclude>
    <ClInclude Include="Src\Physics\kinematics.h">
      <Filter>Physics</Filter>
    </ClInclude>
    <ClInclude Include="Src\Platform\Windows\WinInput.h">
      <Filter>Platform\Windows</Filter>
    </ClInclude>
    <ClInclude Include="Src\Platform\Windows\WinWIndow.h">
      <Filter>Platform\Windows</Filter>
    </ClInclude>
    <ClInclude Include="Src\Render\GLObjects\GLCube.h">
      <Filter>Render\GLObjects</Filter>
    </ClInclude>
    <ClInclude Include="Src\Render\GLObjects\GLLight.h">
      <Filter>Render\GLObjects</Filter>
    </ClInclude>
    <ClInclude Include="Src\Render\GLObjects\GLRenderObject.h">
      <Filter>Render\GLObjects</Filter>
    </ClInclude>
    <ClInclude Include="Src\Render\GLObjects\GLSquare.h">
      <Filter>Render\GLObjects</Filter>
    </ClInclude>
    <ClInclude Include="Src\Render\OpenGL\GLCamera.h">
      <Filter>Render\OpenGL</Filter>
    </ClInclude>
    <ClInclude Include="Src\Render\OpenGL\GLControl.h">
      <Filter>Render\OpenGL</Filter>
    </ClInclude>
    <ClInclude Include="Src\Render\OpenGL\GLMaterial.h">
      <Filter>Render\OpenGL</Filter>
    </ClInclude>
    <ClInclude Include="Src\Render\OpenGL\GLMesh.h">
      <Filter>Render\OpenGL</Filter>
    </ClInclude>
    <ClInclude Include="Src\Render\OpenGL\GLModel.h">
      <Filter>Render\OpenGL</Filter>
    </ClInclude>
    <ClInclude Include="Src\Render\OpenGL\GLMyError.h">
      <Filter>Render\OpenGL</Filter>
    </ClInclude>
    <ClInclude Include="Src\Render\OpenGL\GLPipelineBase.h">
      <Filter>Render\OpenGL</Filter>
    </ClInclude>
    <ClInclude Include="Src\Render\OpenGL\GLRenderPassBase.h">
      <Filter>Render\OpenGL</Filter>
    </ClInclude>
    <ClInclude Include="Src\Render\OpenGL\GLScene.h">
      <Filter>Render\OpenGL</Filter>
    </ClInclude>
    <ClInclude Include="Src\Render\OpenGL\GLShader.h">
      <Filter>Render\OpenGL</Filter>
    </ClInclude>
    <ClInclude Include="Src\Render\OpenGL\GLText.h">
      <Filter>Render\OpenGL</Filter>
    </ClInclude>
    <ClInclude Include="Src\Render\OpenGL\GLTexture.h">
      <Filter>Render\OpenGL</Filter>
    </ClInclude>
    <ClInclude Include="Src\Render\OpenGL\GLTransform.h">
      <Filter>Render\OpenGL</Filter>
    </ClInclude>
    <ClInclude Include="Src\Render\System\EulerRender.h">
      <Filter>Render\System</Filter>
    </ClInclude>
    <ClInclude Include="Src\Resource\SourceManager.h">
      <Filter>Resource</Filter>
    </ClInclude>
    <ClInclude Include="Src\Test\ModelTest\Test_Delegate.h">
      <Filter>Test\ModelTest</Filter>
    </ClInclude>
    <ClInclude Include="Src\Test\ModelTest\Test_Reflect.h">
      <Filter>Test\ModelTest</Filter>
    </ClInclude>
    <ClInclude Include="Src\Test\TestFunc.h">
      <Filter>Test</Filter>
    </ClInclude>
    <ClInclude Include="Src\Thread\EulerSynchronize.h">
      <Filter>Thread</Filter>
    </ClInclude>
    <ClInclude Include="Src\Thread\EulerThread.h">
      <Filter>Thread</Filter>
    </ClInclude>
    <ClInclude Include="Src\UI\EulerUI.h">
      <Filter>UI</Filter>
    </ClInclude>
    <ClInclude Include="Src\Utils\stb_image.h">
      <Filter>Utils</Filter>
    </ClInclude>
    <ClInclude Include="Src\gkpch.h" />
    <ClInclude Include="Src\Platform\OpenGL\GLContext.h" />
    <ClInclude Include="Src\Render\EulerShader.h" />
    <ClInclude Include="Src\Render\EulerBuffer.h" />
    <ClInclude Include="Src\Render\Renderer.h" />
    <ClInclude Include="Src\Render\VertexArray.h" />
    <ClInclude Include="Src\Platform\OpenGL\GLVertexArray.h" />
    <ClInclude Include="Src\Render\RendererAPI.h" />
    <ClInclude Include="Src\Render\RenderCmd.h" />
    <ClInclude Include="Src\Platform\OpenGL\GLRendererAPI.h" />
  </ItemGroup>
  <ItemGroup>
    <ClCompile Include="Src\Core\EulerImage.cpp">
      <Filter>Core</Filter>
    </ClCompile>
    <ClCompile Include="Src\Core\EulerMemManager.cpp">
      <Filter>Core</Filter>
    </ClCompile>
    <ClCompile Include="Src\Core\EulerSystem.cpp">
      <Filter>Core</Filter>
    </ClCompile>
    <ClCompile Include="Src\Core\EulerTimer.cpp">
      <Filter>Core</Filter>
    </ClCompile>
    <ClCompile Include="Src\Core\Input\EulerInput.cpp">
      <Filter>Core\Input</Filter>
    </ClCompile>
    <ClCompile Include="Src\Core\Layer\EulerLayer.cpp">
      <Filter>Core\Layer</Filter>
    </ClCompile>
    <ClCompile Include="Src\Core\Layer\EulerLayerStack.cpp">
      <Filter>Core\Layer</Filter>
    </ClCompile>
    <ClCompile Include="Src\Core\Log\EulerLog.cpp">
      <Filter>Core\Log</Filter>
    </ClCompile>
    <ClCompile Include="Src\Core\Reflection\EulerClassFactory.cpp">
      <Filter>Core\Reflection</Filter>
    </ClCompile>
    <ClCompile Include="Src\Core\Reflection\EulerSerialize.cpp">
      <Filter>Core\Reflection</Filter>
    </ClCompile>
    <ClCompile Include="Src\Render\Context\EulerContext.cpp">
      <Filter>Game\Context</Filter>
    </ClCompile>
    <ClCompile Include="Src\Game\EulerGame.cpp">
      <Filter>Game</Filter>
    </ClCompile>
    <ClCompile Include="Src\Game\EulerObject.cpp">
      <Filter>Game</Filter>
    </ClCompile>
    <ClCompile Include="Src\Game\World\EulerHierarchy.cpp">
      <Filter>Game\World</Filter>
    </ClCompile>
    <ClCompile Include="Src\Game\World\EulerWorld.cpp">
      <Filter>Game\World</Filter>
    </ClCompile>
    <ClCompile Include="Src\GutKink\Application.cpp">
      <Filter>GutKink</Filter>
    </ClCompile>
    <ClCompile Include="Src\IO\EulerFile.cpp">
      <Filter>IO</Filter>
    </ClCompile>
    <ClCompile Include="Src\ImGui\ImGuiBuild.cpp">
      <Filter>ImGui</Filter>
    </ClCompile>
    <ClCompile Include="Src\ImGui\ImGuiLayer.cpp">
      <Filter>ImGui</Filter>
    </ClCompile>
    <ClCompile Include="Src\Platform\Windows\WinInput.cpp">
      <Filter>Platform\Windows</Filter>
    </ClCompile>
    <ClCompile Include="Src\Platform\Windows\WinWindow.cpp">
      <Filter>Platform\Windows</Filter>
    </ClCompile>
    <ClCompile Include="Src\Render\GLObjects\GLLight.cpp">
      <Filter>Render\GLObjects</Filter>
    </ClCompile>
    <ClCompile Include="Src\Render\GLObjects\GLRenderObject.cpp">
      <Filter>Render\GLObjects</Filter>
    </ClCompile>
    <ClCompile Include="Src\Render\OpenGL\GLMaterial.cpp">
      <Filter>Render\OpenGL</Filter>
    </ClCompile>
    <ClCompile Include="Src\Render\System\EulerRender.cpp">
      <Filter>Render\System</Filter>
    </ClCompile>
    <ClCompile Include="Src\Test\TestFunc.cpp">
      <Filter>Test</Filter>
    </ClCompile>
    <ClCompile Include="Src\Thread\EulerSynchronize.cpp">
      <Filter>Thread</Filter>
    </ClCompile>
    <ClCompile Include="Src\Thread\EulerThread.cpp">
      <Filter>Thread</Filter>
    </ClCompile>
    <ClCompile Include="Src\UI\EulerUI.cpp">
      <Filter>UI</Filter>
    </ClCompile>
    <ClCompile Include="Src\Utils\stb_image.cpp">
      <Filter>Utils</Filter>
    </ClCompile>
    <ClCompile Include="Src\gkpch.cpp" />
    <ClCompile Include="Src\Platform\OpenGL\GLContext.cpp" />
    <ClCompile Include="Src\Render\EulerShader.cpp" />
    <ClCompile Include="Src\Render\EulerBuffer.cpp" />
    <ClCompile Include="Src\Platform\OpenGL\GLBuffer.h" />
    <ClCompile Include="Src\Platform\OpenGL\GLBuffer.cpp" />
    <ClCompile Include="Src\Render\Renderer.cpp" />
    <ClCompile Include="Src\Render\VertexArray.cpp" />
    <ClCompile Include="Src\Platform\OpenGL\GLVertexArray.cpp" />
    <ClCompile Include="Src\Render\RendererAPI.cpp" />
    <ClCompile Include="Src\Render\RenderCmd.cpp" />
    <ClCompile Include="Src\Platform\OpenGL\GLRendererAPI.cpp" />
  </ItemGroup>
</Project>