<?xml version="1.0" encoding="utf-8"?>
<Project ToolsVersion="4.0" xmlns="http://schemas.microsoft.com/developer/msbuild/2003">
  <ItemGroup>
    <Filter Include="资源文件">
      <UniqueIdentifier>{67DA6AB6-F800-4c08-8B7A-83BB121AAD01}</UniqueIdentifier>
      <Extensions>rc;ico;cur;bmp;dlg;rc2;rct;bin;rgs;gif;jpg;jpeg;jpe;resx;tiff;tif;png;wav;mfcribbon-ms</Extensions>
    </Filter>
    <Filter Include="资源文件\shaders">
      <UniqueIdentifier>{8eb9a1a7-e18b-4090-b3d1-b45a20023375}</UniqueIdentifier>
    </Filter>
    <Filter Include="Resources">
      <UniqueIdentifier>{93995380-89BD-4b04-88EB-625FBE52EBFB}</UniqueIdentifier>
      <Extensions>h;hh;hpp;hxx;hm;inl;inc;ipp;xsd</Extensions>
    </Filter>
    <Filter Include="Resources\EulerSystem">
      <UniqueIdentifier>{95d89770-a386-409d-8feb-c997f3abfc84}</UniqueIdentifier>
    </Filter>
    <Filter Include="Resources\EulerContainer">
      <UniqueIdentifier>{280ffd31-e613-4c8e-bfce-8d55c8596295}</UniqueIdentifier>
    </Filter>
    <Filter Include="Resources\EulerMath">
      <UniqueIdentifier>{7cf87042-c846-464d-a62d-a4fabe9a504f}</UniqueIdentifier>
    </Filter>
    <Filter Include="Resources\EulerRender">
      <UniqueIdentifier>{696c2c82-040c-4fe3-ba05-ee4aba3829ce}</UniqueIdentifier>
    </Filter>
    <Filter Include="Resources\EulerRender\OpenGLs">
      <UniqueIdentifier>{e8850a8f-1bac-42e7-8044-430a638e3d2f}</UniqueIdentifier>
    </Filter>
    <Filter Include="Resources\EulerRender\EulerGeo">
      <UniqueIdentifier>{c9d7c079-2f4b-4a5f-8add-96f89d7b31f2}</UniqueIdentifier>
    </Filter>
    <Filter Include="Resources\EulerPhysics">
      <UniqueIdentifier>{84d76126-5f37-4359-97dc-b9b898c6c58c}</UniqueIdentifier>
    </Filter>
    <Filter Include="Resources\EulerTest">
      <UniqueIdentifier>{19837a47-7043-418d-873b-a5dc1e8f21e5}</UniqueIdentifier>
    </Filter>
    <Filter Include="Resources\EulerInput">
      <UniqueIdentifier>{c471cc98-ec3b-4de4-80c1-00e7c8f25945}</UniqueIdentifier>
    </Filter>
    <Filter Include="Resources\EulerGame">
      <UniqueIdentifier>{07b7c78a-ead8-4ec7-81df-d72246d67517}</UniqueIdentifier>
    </Filter>
    <Filter Include="Resources\EulerThread">
      <UniqueIdentifier>{32364dce-a968-4d84-9cbe-17049af5e702}</UniqueIdentifier>
    </Filter>
  </ItemGroup>
  <ItemGroup>
    <ClCompile Include="EulerFile.cpp">
      <Filter>Resources\EulerSystem</Filter>
    </ClCompile>
    <ClCompile Include="EulerImage.cpp">
      <Filter>Resources\EulerSystem</Filter>
    </ClCompile>
    <ClCompile Include="EulerSystem.cpp">
      <Filter>Resources\EulerSystem</Filter>
    </ClCompile>
    <ClCompile Include="EulerTimer.cpp">
      <Filter>Resources\EulerSystem</Filter>
    </ClCompile>
    <ClCompile Include="EulerMemManager.cpp">
      <Filter>Resources\EulerSystem</Filter>
    </ClCompile>
    <ClCompile Include="EulerDebug.cpp">
      <Filter>Resources\EulerSystem</Filter>
    </ClCompile>
    <ClCompile Include="EulerDelegate.cpp">
      <Filter>Resources\EulerContainer</Filter>
    </ClCompile>
    <ClCompile Include="EulerThread.cpp">
      <Filter>Resources\EulerThread</Filter>
    </ClCompile>
    <ClCompile Include="EulerSynchronize.cpp">
      <Filter>Resources\EulerThread</Filter>
    </ClCompile>
    <ClCompile Include="EulerSerialize.cpp">
      <Filter>Resources\EulerSystem</Filter>
    </ClCompile>
    <ClCompile Include="..\..\..\glad\src\glad.c">
      <Filter>Resources\EulerRender</Filter>
    </ClCompile>
    <ClCompile Include="stb_image.cpp">
      <Filter>Resources\EulerRender\OpenGLs</Filter>
    </ClCompile>
    <ClCompile Include="EulerGame.cpp">
      <Filter>Resources\EulerGame</Filter>
    </ClCompile>
  </ItemGroup>
  <ItemGroup>
    <ClInclude Include="kinematics.h">
      <Filter>Resources\EulerPhysics</Filter>
    </ClInclude>
    <ClInclude Include="scene.h">
      <Filter>Resources\EulerPhysics</Filter>
    </ClInclude>
    <ClInclude Include="triangle.h">
      <Filter>Resources\EulerRender</Filter>
    </ClInclude>
    <ClInclude Include="stb_image.h">
      <Filter>Resources\EulerRender</Filter>
    </ClInclude>
    <ClInclude Include="EulerSystem.h">
      <Filter>Resources\EulerSystem</Filter>
    </ClInclude>
    <ClInclude Include="EulerTimer.h">
      <Filter>Resources\EulerSystem</Filter>
    </ClInclude>
    <ClInclude Include="EulerFile.h">
      <Filter>Resources\EulerSystem</Filter>
    </ClInclude>
    <ClInclude Include="EulerImage.h">
      <Filter>Resources\EulerSystem</Filter>
    </ClInclude>
    <ClInclude Include="EulerMemManager.h">
      <Filter>Resources\EulerSystem</Filter>
    </ClInclude>
    <ClInclude Include="EulerDebug.h">
      <Filter>Resources\EulerSystem</Filter>
    </ClInclude>
    <ClInclude Include="EulerMemOperator.h">
      <Filter>Resources\EulerSystem</Filter>
    </ClInclude>
    <ClInclude Include="EulerDelegate.h">
      <Filter>Resources\EulerContainer</Filter>
    </ClInclude>
    <ClInclude Include="Test_Delegate.h">
      <Filter>Resources\EulerTest</Filter>
    </ClInclude>
    <ClInclude Include="EulerMath.h">
      <Filter>Resources\EulerMath</Filter>
    </ClInclude>
    <ClInclude Include="EulerControl.h">
      <Filter>Resources\EulerInput</Filter>
    </ClInclude>
    <ClInclude Include="Test_Control.h">
      <Filter>Resources\EulerTest</Filter>
    </ClInclude>
    <ClInclude Include="EulerThread.h">
      <Filter>Resources\EulerThread</Filter>
    </ClInclude>
    <ClInclude Include="EulerSynchronize.h">
      <Filter>Resources\EulerThread</Filter>
    </ClInclude>
    <ClInclude Include="EulerSmartPointer.h">
      <Filter>Resources\EulerGame</Filter>
    </ClInclude>
    <ClInclude Include="Test_SmartPointer.h">
      <Filter>Resources\EulerTest</Filter>
    </ClInclude>
    <ClInclude Include="EulerObject.h">
      <Filter>Resources\EulerGame</Filter>
    </ClInclude>
    <ClInclude Include="EulerReflection.h">
      <Filter>Resources\EulerGame</Filter>
    </ClInclude>
    <ClInclude Include="EulerSerialize.h">
      <Filter>Resources\EulerSystem</Filter>
    </ClInclude>
    <ClInclude Include="EulerCube.h">
      <Filter>Resources\EulerRender\EulerGeo</Filter>
    </ClInclude>
    <ClInclude Include="EulerGame.h">
      <Filter>Resources\EulerGame</Filter>
    </ClInclude>
    <ClInclude Include="EulerObjectBase.h">
      <Filter>Resources\EulerGame</Filter>
    </ClInclude>
    <ClInclude Include="GLCamera.h">
      <Filter>Resources\EulerRender</Filter>
    </ClInclude>
    <ClInclude Include="GLMesh.h">
      <Filter>Resources\EulerRender</Filter>
    </ClInclude>
    <ClInclude Include="GLModel.h">
      <Filter>Resources\EulerRender</Filter>
    </ClInclude>
    <ClInclude Include="GLMyError.h">
      <Filter>Resources\EulerRender</Filter>
    </ClInclude>
    <ClInclude Include="GLShader.h">
      <Filter>Resources\EulerRender</Filter>
    </ClInclude>
    <ClInclude Include="GLText.h">
      <Filter>Resources\EulerRender</Filter>
    </ClInclude>
    <ClInclude Include="GLTexture.h">
      <Filter>Resources\EulerRender</Filter>
    </ClInclude>
    <ClInclude Include="GLBuffer.h">
      <Filter>Resources\EulerRender\EulerGeo</Filter>
    </ClInclude>
    <ClInclude Include="GLWindowManager.h">
      <Filter>Resources\EulerRender\OpenGLs</Filter>
    </ClInclude>
    <ClInclude Include="GLRenderManager.h">
      <Filter>Resources\EulerRender\OpenGLs</Filter>
    </ClInclude>
    <ClInclude Include="GLSourceManager.h">
      <Filter>Resources\EulerRender\OpenGLs</Filter>
    </ClInclude>
  </ItemGroup>
  <ItemGroup>
    <Text Include="Normal.vertex">
      <Filter>资源文件\shaders</Filter>
    </Text>
    <Text Include="Normal.fragment">
      <Filter>资源文件\shaders</Filter>
    </Text>
  </ItemGroup>
</Project>